
Microsoft Visual Studio Solution File, Format Version 12.00
# Visual Studio Version 17
VisualStudioVersion = 17.0.32014.148
MinimumVisualStudioVersion = 10.0.40219.1
Project("{FAE04EC0-301F-11D3-BF4B-00C04F79EFBC}") = "day1", "day1.csproj", "{BC44684D-904D-441F-AB88-3E248858D222}"
EndProject
Global
	GlobalSection(SolutionConfigurationPlatforms) = preSolution
		Debug|Any CPU = Debug|Any CPU
		Release|Any CPU = Release|Any CPU
	EndGlobalSection
	GlobalSection(ProjectConfigurationPlatforms) = postSolution
		{BC44684D-904D-441F-AB88-3E248858D222}.Debug|Any CPU.ActiveCfg = Debug|Any CPU
		{BC44684D-904D-441F-AB88-3E248858D222}.Debug|Any CPU.Build.0 = Debug|Any CPU
		{BC44684D-904D-441F-AB88-3E248858D222}.Release|Any CPU.ActiveCfg = Release|Any CPU
		{BC44684D-904D-441F-AB88-3E248858D222}.Release|Any CPU.Build.0 = Release|Any CPU
	EndGlobalSection
	GlobalSection(SolutionProperties) = preSolution
		HideSolutionNode = FALSE
	EndGlobalSection
	GlobalSection(ExtensibilityGlobals) = postSolution
		SolutionGuid = {198FCD3E-20C4-49FC-8AF0-052B72D1ABEE}
	EndGlobalSection
EndGlobal
