
Microsoft Visual Studio Solution File, Format Version 12.00
# Visual Studio Version 17
VisualStudioVersion = 17.0.32014.148
MinimumVisualStudioVersion = 10.0.40219.1
Project("{FAE04EC0-301F-11D3-BF4B-00C04F79EFBC}") = "day9", "day9.csproj", "{84B738E7-DCDB-4F16-9619-CB09FC931CE8}"
EndProject
Global
	GlobalSection(SolutionConfigurationPlatforms) = preSolution
		Debug|Any CPU = Debug|Any CPU
		Release|Any CPU = Release|Any CPU
	EndGlobalSection
	GlobalSection(ProjectConfigurationPlatforms) = postSolution
		{84B738E7-DCDB-4F16-9619-CB09FC931CE8}.Debug|Any CPU.ActiveCfg = Debug|Any CPU
		{84B738E7-DCDB-4F16-9619-CB09FC931CE8}.Debug|Any CPU.Build.0 = Debug|Any CPU
		{84B738E7-DCDB-4F16-9619-CB09FC931CE8}.Release|Any CPU.ActiveCfg = Release|Any CPU
		{84B738E7-DCDB-4F16-9619-CB09FC931CE8}.Release|Any CPU.Build.0 = Release|Any CPU
	EndGlobalSection
	GlobalSection(SolutionProperties) = preSolution
		HideSolutionNode = FALSE
	EndGlobalSection
	GlobalSection(ExtensibilityGlobals) = postSolution
		SolutionGuid = {74BF0D9C-DAD6-45EA-96D0-206E20091009}
	EndGlobalSection
EndGlobal
