
Microsoft Visual Studio Solution File, Format Version 12.00
# Visual Studio Version 17
VisualStudioVersion = 17.0.32014.148
MinimumVisualStudioVersion = 10.0.40219.1
Project("{FAE04EC0-301F-11D3-BF4B-00C04F79EFBC}") = "day5", "day5.csproj", "{0A659B93-92BF-400C-9138-1F865E98FC78}"
EndProject
Global
	GlobalSection(SolutionConfigurationPlatforms) = preSolution
		Debug|Any CPU = Debug|Any CPU
		Release|Any CPU = Release|Any CPU
	EndGlobalSection
	GlobalSection(ProjectConfigurationPlatforms) = postSolution
		{0A659B93-92BF-400C-9138-1F865E98FC78}.Debug|Any CPU.ActiveCfg = Debug|Any CPU
		{0A659B93-92BF-400C-9138-1F865E98FC78}.Debug|Any CPU.Build.0 = Debug|Any CPU
		{0A659B93-92BF-400C-9138-1F865E98FC78}.Release|Any CPU.ActiveCfg = Release|Any CPU
		{0A659B93-92BF-400C-9138-1F865E98FC78}.Release|Any CPU.Build.0 = Release|Any CPU
	EndGlobalSection
	GlobalSection(SolutionProperties) = preSolution
		HideSolutionNode = FALSE
	EndGlobalSection
	GlobalSection(ExtensibilityGlobals) = postSolution
		SolutionGuid = {912CA02D-584A-4822-91F9-3B2466D4DD13}
	EndGlobalSection
EndGlobal
