
Microsoft Visual Studio Solution File, Format Version 12.00
# Visual Studio Version 17
VisualStudioVersion = 17.0.32014.148
MinimumVisualStudioVersion = 10.0.40219.1
Project("{FAE04EC0-301F-11D3-BF4B-00C04F79EFBC}") = "day3", "day3.csproj", "{24ECE37A-FAA5-45E4-97B2-4A6726C213F7}"
EndProject
Global
	GlobalSection(SolutionConfigurationPlatforms) = preSolution
		Debug|Any CPU = Debug|Any CPU
		Release|Any CPU = Release|Any CPU
	EndGlobalSection
	GlobalSection(ProjectConfigurationPlatforms) = postSolution
		{24ECE37A-FAA5-45E4-97B2-4A6726C213F7}.Debug|Any CPU.ActiveCfg = Debug|Any CPU
		{24ECE37A-FAA5-45E4-97B2-4A6726C213F7}.Debug|Any CPU.Build.0 = Debug|Any CPU
		{24ECE37A-FAA5-45E4-97B2-4A6726C213F7}.Release|Any CPU.ActiveCfg = Release|Any CPU
		{24ECE37A-FAA5-45E4-97B2-4A6726C213F7}.Release|Any CPU.Build.0 = Release|Any CPU
	EndGlobalSection
	GlobalSection(SolutionProperties) = preSolution
		HideSolutionNode = FALSE
	EndGlobalSection
	GlobalSection(ExtensibilityGlobals) = postSolution
		SolutionGuid = {DBF5D074-6D69-49B2-B5FB-03339237D8A8}
	EndGlobalSection
EndGlobal
