
Microsoft Visual Studio Solution File, Format Version 12.00
# Visual Studio Version 17
VisualStudioVersion = 17.0.32014.148
MinimumVisualStudioVersion = 10.0.40219.1
Project("{FAE04EC0-301F-11D3-BF4B-00C04F79EFBC}") = "day8", "day8.csproj", "{C5B5284E-7FF1-4EF9-8DC0-179570BA32B7}"
EndProject
Global
	GlobalSection(SolutionConfigurationPlatforms) = preSolution
		Debug|Any CPU = Debug|Any CPU
		Release|Any CPU = Release|Any CPU
	EndGlobalSection
	GlobalSection(ProjectConfigurationPlatforms) = postSolution
		{C5B5284E-7FF1-4EF9-8DC0-179570BA32B7}.Debug|Any CPU.ActiveCfg = Debug|Any CPU
		{C5B5284E-7FF1-4EF9-8DC0-179570BA32B7}.Debug|Any CPU.Build.0 = Debug|Any CPU
		{C5B5284E-7FF1-4EF9-8DC0-179570BA32B7}.Release|Any CPU.ActiveCfg = Release|Any CPU
		{C5B5284E-7FF1-4EF9-8DC0-179570BA32B7}.Release|Any CPU.Build.0 = Release|Any CPU
	EndGlobalSection
	GlobalSection(SolutionProperties) = preSolution
		HideSolutionNode = FALSE
	EndGlobalSection
	GlobalSection(ExtensibilityGlobals) = postSolution
		SolutionGuid = {0DEA932D-B90E-4FC5-A115-8FC58F828AFF}
	EndGlobalSection
EndGlobal
